# This file is automatically @generated by Cargo.
# It is not intended for manual editing.
[[package]]
name = "az"
version = "1.0.0"
source = "registry+https://github.com/rust-lang/crates.io-index"
checksum = "e9bcd47d94aa4eb8c076b50fc61a75020789394ffb9bd74a180b3379130f6569"

[[package]]
name = "gmp-mpfr-sys"
version = "1.4.2"
source = "registry+https://github.com/rust-lang/crates.io-index"
checksum = "a57fdb339d49833021b1fded600ed240ae907e33909d5511a61dff884df7f16e"
dependencies = [
 "libc",
 "winapi",
]

[[package]]
name = "libc"
version = "0.2.82"
source = "registry+https://github.com/rust-lang/crates.io-index"
checksum = "89203f3fba0a3795506acaad8ebce3c80c0af93f994d5a1d7a0b1eeb23271929"

[[package]]
name = "pi"
version = "0.1.0"
dependencies = [
 "rug",
 "thread",
]

[[package]]
name = "rug"
version = "1.11.0"
source = "registry+https://github.com/rust-lang/crates.io-index"
checksum = "e538d00da450a8e48aac7e6322e67b2dc86ec71a1feeac0e3954c4f07f01bc45"
dependencies = [
 "az",
 "gmp-mpfr-sys",
 "libc",
]

[[package]]
name = "thread"
version = "0.1.0"
source = "registry+https://github.com/rust-lang/crates.io-index"
checksum = "afe9c0e959dd1e7b871071b51bc674380d1889cd4fed9f4b3b1f5c1772d9f796"

[[package]]
name = "winapi"
version = "0.3.9"
source = "registry+https://github.com/rust-lang/crates.io-index"
checksum = "5c839a674fcd7a98952e593242ea400abe93992746761e38641405d28b00f419"
dependencies = [
 "winapi-i686-pc-windows-gnu",
 "winapi-x86_64-pc-windows-gnu",
]

[[package]]
name = "winapi-i686-pc-windows-gnu"
version = "0.4.0"
source = "registry+https://github.com/rust-lang/crates.io-index"
checksum = "ac3b87c63620426dd9b991e5ce0329eff545bccbbb34f3be09ff6fb6ab51b7b6"

[[package]]
name = "winapi-x86_64-pc-windows-gnu"
version = "0.4.0"
source = "registry+https://github.com/rust-lang/crates.io-index"
checksum = "712e227841d057c1ee1cd2fb22fa7e5a5461ae8e48fa2ca79ec42cfc1931183f"
